
Microsoft Visual Studio Solution File, Format Version 12.00
# Visual Studio Version 17
VisualStudioVersion = 17.8.34330.188
MinimumVisualStudioVersion = 10.0.40219.1
Project("{FAE04EC0-301F-11D3-BF4B-00C04F79EFBC}") = "Assignment3", "Assignment3\Assignment3.csproj", "{05EA44BD-CD94-40DD-AE4E-6A5A687C179E}"
EndProject
Global
	GlobalSection(SolutionConfigurationPlatforms) = preSolution
		Debug|Any CPU = Debug|Any CPU
		Release|Any CPU = Release|Any CPU
	EndGlobalSection
	GlobalSection(ProjectConfigurationPlatforms) = postSolution
		{05EA44BD-CD94-40DD-AE4E-6A5A687C179E}.Debug|Any CPU.ActiveCfg = Debug|Any CPU
		{05EA44BD-CD94-40DD-AE4E-6A5A687C179E}.Debug|Any CPU.Build.0 = Debug|Any CPU
		{05EA44BD-CD94-40DD-AE4E-6A5A687C179E}.Release|Any CPU.ActiveCfg = Release|Any CPU
		{05EA44BD-CD94-40DD-AE4E-6A5A687C179E}.Release|Any CPU.Build.0 = Release|Any CPU
	EndGlobalSection
	GlobalSection(SolutionProperties) = preSolution
		HideSolutionNode = FALSE
	EndGlobalSection
	GlobalSection(ExtensibilityGlobals) = postSolution
		SolutionGuid = {7BE998C8-8D6F-4BEC-B239-D1DDF8954500}
	EndGlobalSection
EndGlobal
